
Microsoft Visual Studio Solution File, Format Version 12.00
# Visual Studio Version 17
VisualStudioVersion = 17.14.36203.30 d17.14
MinimumVisualStudioVersion = 10.0.40219.1
Project("{FAE04EC0-301F-11D3-BF4B-00C04F79EFBC}") = "C#-Örnek3", "C#-Örnek3\C#-Örnek3.csproj", "{DCBC9BB3-1375-4599-8437-B329207FF342}"
EndProject
Global
	GlobalSection(SolutionConfigurationPlatforms) = preSolution
		Debug|Any CPU = Debug|Any CPU
		Release|Any CPU = Release|Any CPU
	EndGlobalSection
	GlobalSection(ProjectConfigurationPlatforms) = postSolution
		{DCBC9BB3-1375-4599-8437-B329207FF342}.Debug|Any CPU.ActiveCfg = Debug|Any CPU
		{DCBC9BB3-1375-4599-8437-B329207FF342}.Debug|Any CPU.Build.0 = Debug|Any CPU
		{DCBC9BB3-1375-4599-8437-B329207FF342}.Release|Any CPU.ActiveCfg = Release|Any CPU
		{DCBC9BB3-1375-4599-8437-B329207FF342}.Release|Any CPU.Build.0 = Release|Any CPU
	EndGlobalSection
	GlobalSection(SolutionProperties) = preSolution
		HideSolutionNode = FALSE
	EndGlobalSection
	GlobalSection(ExtensibilityGlobals) = postSolution
		SolutionGuid = {BAD3429E-052C-4BA1-944F-36E8330513D7}
	EndGlobalSection
EndGlobal
