
Microsoft Visual Studio Solution File, Format Version 12.00
# Visual Studio Version 17
VisualStudioVersion = 17.14.36203.30 d17.14
MinimumVisualStudioVersion = 10.0.40219.1
Project("{FAE04EC0-301F-11D3-BF4B-00C04F79EFBC}") = "C#-Örnek4", "C#-Örnek4\C#-Örnek4.csproj", "{CD1EAC30-8155-4D26-B155-3EDF84AE3F60}"
EndProject
Global
	GlobalSection(SolutionConfigurationPlatforms) = preSolution
		Debug|Any CPU = Debug|Any CPU
		Release|Any CPU = Release|Any CPU
	EndGlobalSection
	GlobalSection(ProjectConfigurationPlatforms) = postSolution
		{CD1EAC30-8155-4D26-B155-3EDF84AE3F60}.Debug|Any CPU.ActiveCfg = Debug|Any CPU
		{CD1EAC30-8155-4D26-B155-3EDF84AE3F60}.Debug|Any CPU.Build.0 = Debug|Any CPU
		{CD1EAC30-8155-4D26-B155-3EDF84AE3F60}.Release|Any CPU.ActiveCfg = Release|Any CPU
		{CD1EAC30-8155-4D26-B155-3EDF84AE3F60}.Release|Any CPU.Build.0 = Release|Any CPU
	EndGlobalSection
	GlobalSection(SolutionProperties) = preSolution
		HideSolutionNode = FALSE
	EndGlobalSection
	GlobalSection(ExtensibilityGlobals) = postSolution
		SolutionGuid = {785448A1-DA84-435D-A823-4130741EA8F2}
	EndGlobalSection
EndGlobal
